
Microsoft Visual Studio Solution File, Format Version 12.00
# Visual Studio 15
VisualStudioVersion = 15.0.26730.16
MinimumVisualStudioVersion = 10.0.40219.1
Project("{8BC9CEB8-8B4A-11D0-8D11-00A0C91BC942}") = "6", "6\6.vcxproj", "{C252F902-923B-473B-9717-E7F9A266B36C}"
EndProject
Global
	GlobalSection(SolutionConfigurationPlatforms) = preSolution
		Debug|x64 = Debug|x64
		Debug|x86 = Debug|x86
		Release|x64 = Release|x64
		Release|x86 = Release|x86
	EndGlobalSection
	GlobalSection(ProjectConfigurationPlatforms) = postSolution
		{C252F902-923B-473B-9717-E7F9A266B36C}.Debug|x64.ActiveCfg = Debug|x64
		{C252F902-923B-473B-9717-E7F9A266B36C}.Debug|x64.Build.0 = Debug|x64
		{C252F902-923B-473B-9717-E7F9A266B36C}.Debug|x86.ActiveCfg = Debug|Win32
		{C252F902-923B-473B-9717-E7F9A266B36C}.Debug|x86.Build.0 = Debug|Win32
		{C252F902-923B-473B-9717-E7F9A266B36C}.Release|x64.ActiveCfg = Release|x64
		{C252F902-923B-473B-9717-E7F9A266B36C}.Release|x64.Build.0 = Release|x64
		{C252F902-923B-473B-9717-E7F9A266B36C}.Release|x86.ActiveCfg = Release|Win32
		{C252F902-923B-473B-9717-E7F9A266B36C}.Release|x86.Build.0 = Release|Win32
	EndGlobalSection
	GlobalSection(SolutionProperties) = preSolution
		HideSolutionNode = FALSE
	EndGlobalSection
	GlobalSection(ExtensibilityGlobals) = postSolution
		SolutionGuid = {FB807712-8D4E-445D-A149-FE8E24910475}
	EndGlobalSection
EndGlobal
